dependencies:
- name: builder
  repository: https://charts.teamhephy.com
  version: v2.13.2
- name: slugbuilder
  repository: https://charts.teamhephy.com
  version: v2.7.2
- name: dockerbuilder
  repository: https://charts.teamhephy.com
  version: v2.8.0
- name: controller
  repository: https://charts.teamhephy.com
  version: v2.20.4
- name: slugrunner
  repository: https://charts.teamhephy.com
  version: v2.6.1
- name: database
  repository: https://charts.teamhephy.com
  version: v2.7.3
- name: fluentd
  repository: https://charts.teamhephy.com
  version: v2.14.0
- name: redis
  repository: https://charts.teamhephy.com
  version: v2.4.0
- name: logger
  repository: https://charts.teamhephy.com
  version: v2.5.0
- name: minio
  repository: https://charts.teamhephy.com
  version: v2.4.3
- name: monitor
  repository: https://charts.teamhephy.com
  version: v2.11.1
- name: nsqd
  repository: https://charts.teamhephy.com
  version: v2.4.0
- name: registry
  repository: https://charts.teamhephy.com
  version: v2.5.0
- name: registry-proxy
  repository: https://charts.teamhephy.com
  version: v1.5.0
- name: registry-token-refresher
  repository: https://charts.teamhephy.com
  version: v1.2.0
- name: router
  repository: https://charts.teamhephy.com
  version: v2.16.0
- name: workflow-manager
  repository: https://charts.teamhephy.com
  version: v2.6.1
digest: sha256:5dee7c012c1f051fb29c4bc2baecf4f03c43d88e650bfa264b2d598126557598
generated: 2019-08-11T07:29:52.465334221-04:00
