dependencies:
- name: builder
  repository: https://charts.teamhephy.com
  version: v2.13.1
- name: slugbuilder
  repository: https://charts.teamhephy.com
  version: v2.7.1
- name: dockerbuilder
  repository: https://charts.teamhephy.com
  version: v2.8.0
- name: controller
  repository: https://charts.teamhephy.com
  version: v2.20.2
- name: slugrunner
  repository: https://charts.teamhephy.com
  version: v2.6.1
- name: database
  repository: https://charts.teamhephy.com
  version: v2.7.3
- name: fluentd
  repository: https://charts.teamhephy.com
  version: v2.13.1
- name: redis
  repository: https://charts.teamhephy.com
  version: v2.4.0
- name: logger
  repository: https://charts.teamhephy.com
  version: v2.5.0
- name: minio
  repository: https://charts.teamhephy.com
  version: v2.4.3
- name: monitor
  repository: https://charts.teamhephy.com
  version: v2.11.1
- name: nsqd
  repository: https://charts.teamhephy.com
  version: v2.4.0
- name: registry
  repository: https://charts.teamhephy.com
  version: v2.5.0
- name: registry-proxy
  repository: https://charts.teamhephy.com
  version: v1.5.0
- name: registry-token-refresher
  repository: https://charts.teamhephy.com
  version: v1.2.0
- name: router
  repository: https://charts.teamhephy.com
  version: v2.16.0
- name: workflow-manager
  repository: https://charts.teamhephy.com
  version: v2.6.1
digest: sha256:b81aa46dde13b3aa712ad076fb4e94c1a578e9d295bb12525835d20014bd62ab
generated: 2019-05-02T10:42:01.563102857-04:00
